
Microsoft Visual Studio Solution File, Format Version 12.00
# Visual Studio Version 16
VisualStudioVersion = 16.0.30907.101
MinimumVisualStudioVersion = 10.0.40219.1
Project("{FAE04EC0-301F-11D3-BF4B-00C04F79EFBC}") = "CarShopGUI", "CarShopGUI\CarShopGUI.csproj", "{50BE0532-F3B4-428B-B21E-2F9DB2283EC5}"
EndProject
Project("{9A19103F-16F7-4668-BE54-9A1E7A4F7556}") = "CarClassLibrary", "CarClassLibrary2\CarClassLibrary.csproj", "{83C874DB-7F44-421D-80CF-C5DA49CF1172}"
EndProject
Global
	GlobalSection(SolutionConfigurationPlatforms) = preSolution
		Debug|Any CPU = Debug|Any CPU
		Release|Any CPU = Release|Any CPU
	EndGlobalSection
	GlobalSection(ProjectConfigurationPlatforms) = postSolution
		{50BE0532-F3B4-428B-B21E-2F9DB2283EC5}.Debug|Any CPU.ActiveCfg = Debug|Any CPU
		{50BE0532-F3B4-428B-B21E-2F9DB2283EC5}.Debug|Any CPU.Build.0 = Debug|Any CPU
		{50BE0532-F3B4-428B-B21E-2F9DB2283EC5}.Release|Any CPU.ActiveCfg = Release|Any CPU
		{50BE0532-F3B4-428B-B21E-2F9DB2283EC5}.Release|Any CPU.Build.0 = Release|Any CPU
		{83C874DB-7F44-421D-80CF-C5DA49CF1172}.Debug|Any CPU.ActiveCfg = Debug|Any CPU
		{83C874DB-7F44-421D-80CF-C5DA49CF1172}.Debug|Any CPU.Build.0 = Debug|Any CPU
		{83C874DB-7F44-421D-80CF-C5DA49CF1172}.Release|Any CPU.ActiveCfg = Release|Any CPU
		{83C874DB-7F44-421D-80CF-C5DA49CF1172}.Release|Any CPU.Build.0 = Release|Any CPU
	EndGlobalSection
	GlobalSection(SolutionProperties) = preSolution
		HideSolutionNode = FALSE
	EndGlobalSection
	GlobalSection(ExtensibilityGlobals) = postSolution
		SolutionGuid = {67A01A72-CD57-4087-B11D-69C1167F09CF}
	EndGlobalSection
EndGlobal
